<?xml version="1.0" encoding="utf-8"?>
<Project ToolsVersion="4.0" xmlns="http://schemas.microsoft.com/developer/msbuild/2003">
  <ItemGroup>
    <Filter Include="view">
      <UniqueIdentifier>{71841f69-ef96-4496-9ace-13f15b90cf03}</UniqueIdentifier>
    </Filter>
    <Filter Include="main">
      <UniqueIdentifier>{67DA6AB6-F800-4c08-8B7A-83BB121AAD01}</UniqueIdentifier>
      <Extensions>rc;ico;cur;bmp;dlg;rc2;rct;bin;rgs;gif;jpg;jpeg;jpe;resx;tiff;tif;png;wav;mfcribbon-ms</Extensions>
    </Filter>
    <Filter Include="model">
      <UniqueIdentifier>{a5d7fcf8-d1d8-42bd-82a6-7233f3432f83}</UniqueIdentifier>
    </Filter>
    <Filter Include="model\header">
      <UniqueIdentifier>{b30d08ac-9f2e-4945-8335-c37242295649}</UniqueIdentifier>
    </Filter>
    <Filter Include="model\source">
      <UniqueIdentifier>{7b3db6d5-3eb2-45c3-8e35-72aa912806ef}</UniqueIdentifier>
    </Filter>
    <Filter Include="controller">
      <UniqueIdentifier>{93995380-89BD-4b04-88EB-625FBE52EBFB}</UniqueIdentifier>
      <Extensions>h;hpp;hxx;hm;inl;inc;xsd</Extensions>
    </Filter>
    <Filter Include="controller\header">
      <UniqueIdentifier>{8c02792f-b731-429f-90f2-047c5269547e}</UniqueIdentifier>
    </Filter>
    <Filter Include="controller\source">
      <UniqueIdentifier>{02357221-f368-4884-94bb-de0640b904f9}</UniqueIdentifier>
    </Filter>
    <Filter Include="exceptions">
      <UniqueIdentifier>{4FC737F1-C7A5-4376-A066-2A32D752A2FF}</UniqueIdentifier>
      <Extensions>cpp;c;cc;cxx;def;odl;idl;hpj;bat;asm;asmx</Extensions>
    </Filter>
    <Filter Include="exceptions\header">
      <UniqueIdentifier>{d9dbd346-c2ac-418f-b60e-b7edc1ad28c4}</UniqueIdentifier>
    </Filter>
  </ItemGroup>
  <ItemGroup>
    <ClInclude Include="view\StreamInput.h">
      <Filter>view</Filter>
    </ClInclude>
    <ClInclude Include="Person.h">
      <Filter>model\header</Filter>
    </ClInclude>
    <ClInclude Include="CoffeeMachine.h">
      <Filter>model\header</Filter>
    </ClInclude>
    <ClInclude Include="Drink.h">
      <Filter>model\header</Filter>
    </ClInclude>
    <ClInclude Include="Constants.h">
      <Filter>model</Filter>
    </ClInclude>
    <ClInclude Include="Controller.h">
      <Filter>controller\header</Filter>
    </ClInclude>
    <ClInclude Include="PersonController.h">
      <Filter>controller\header</Filter>
    </ClInclude>
    <ClInclude Include="CoffeeMachineController.h">
      <Filter>controller\header</Filter>
    </ClInclude>
    <ClInclude Include="AllExceptions.h">
      <Filter>exceptions</Filter>
    </ClInclude>
    <ClInclude Include="VA_Exception.h">
      <Filter>exceptions\header</Filter>
    </ClInclude>
    <ClInclude Include="NoRunningMachineException.h">
      <Filter>exceptions\header</Filter>
    </ClInclude>
    <ClInclude Include="CannotWorkWithMachineException.h">
      <Filter>exceptions\header</Filter>
    </ClInclude>
    <ClInclude Include="BadCommandLineArgumentsException.h">
      <Filter>exceptions\header</Filter>
    </ClInclude>
    <ClInclude Include="MachineAlreadyRunningException.h">
      <Filter>exceptions\header</Filter>
    </ClInclude>
    <ClInclude Include="CannotWorkWithPersonException.h">
      <Filter>exceptions\header</Filter>
    </ClInclude>
  </ItemGroup>
  <ItemGroup>
    <ClCompile Include="main.cpp">
      <Filter>main</Filter>
    </ClCompile>
    <ClCompile Include="CoffeeMachine.cpp">
      <Filter>model\source</Filter>
    </ClCompile>
    <ClCompile Include="Drink.cpp">
      <Filter>model\source</Filter>
    </ClCompile>
    <ClCompile Include="Person.cpp">
      <Filter>model\source</Filter>
    </ClCompile>
    <ClCompile Include="Controller.cpp">
      <Filter>controller\source</Filter>
    </ClCompile>
    <ClCompile Include="PersonController.cpp">
      <Filter>controller\source</Filter>
    </ClCompile>
    <ClCompile Include="CoffeeMachineController.cpp">
      <Filter>controller\source</Filter>
    </ClCompile>
  </ItemGroup>
</Project>